<Solution>
  <Project Path="../Array/Array/Array.csproj" />
  <Project Path="../Assemblies/Assemblies/Assemblies.csproj" />
  <Project Path="../Attributes/Attributes/Attributes.csproj" />
  <Project Path="../Blankk/Blankk.hr/Blankk.hr.csproj" />
  <Project Path="../Blankk/Blankk.p1/Blankk.p1.csproj" />
  <Project Path="../C#_.NET_Training_Tasks/Task01-ProjectSetupVariables/Task01-ProjectSetupVariables.csproj" />
  <Project Path="../C#_.NET_Training_Tasks/Task02-BooleanLogicArrays/Task02-BooleanLogicArrays.csproj" />
  <Project Path="../C#_.NET_Training_Tasks/Task03-ExpressionsTypeConversion/Task03-ExpressionsTypeConversion.csproj" />
  <Project Path="../C#_.NET_Training_Tasks/Task04-OOPFundamentals/Task04-OOPFundamentals.csproj" />
  <Project Path="../C#_.NET_Training_Tasks/Task05-DelegatesEvents/Task05-DelegatesEvents.csproj" />
  <Project Path="../C#_.NET_Training_Tasks/Task06-OperatorOverloadingFinalizer/Task06-OperatorOverloadingFinalizer.csproj" />
  <Project Path="../C#_.NET_Training_Tasks/Task07-NestedTypes&amp;Debugging/Task07-NestedTypes&amp;Debugging.csproj" />
  <Project Path="../C#_.NET_Training_Tasks/Task08-Struct&amp;Enum/Task08-Struct&amp;Enum.csproj" />
  <Project Path="../C#_.NET_Training_Tasks/Task09-InheritanceInterfaces/Task09-InheritanceInterfaces.csproj" />
  <Project Path="../C#_.NET_Training_Tasks/Task10-GenericsGenericDelegates/Task10-GenericsGenericDelegates.csproj" />
  <Project Path="../ConsoleApp1/ConsoleApp1/ConsoleApp1.csproj" />
  <Project Path="../Debugging/Debugging/Debugging.csproj" />
  <Project Path="../EnumeratorsIterators/EnumeratorsIterators/EnumeratorsIterators.csproj" />
  <Project Path="../Exceptions/Exceptions/Exceptions.csproj" />
  <Project Path="../Expressions/Expressions/Expressions.csproj" />
  <Project Path="../ExtensionMethods/ExtensionMethods/ExtensionMethods.csproj" />
  <Project Path="../GenericDelegate/GenericDelegate/GenericDelegate.csproj" />
  <Project Path="../GenericDelegate2/GenericDelegate2/GenericDelegate2.csproj" />
  <Project Path="../Generics/Generics/Generics.csproj" />
  <Project Path="../IntroductionP1/IntroductionP1/IntroductionP1.csproj" />
  <Project Path="../Object1/Object1/Object1.csproj" />
  <Project Path="../Object2/Object2/Object2.csproj" />
  <Project Path="../Object3/Object3/Object3.csproj" />
  <Project Path="../ObjectConst/ObjectConst/ObjectConst.csproj" />
  <Project Path="../ObjectProperites/ObjectProperites/ObjectProperites.csproj" />
  <Project Path="../OOPDelegate/OOPDelegate/OOPDelegate.csproj" />
  <Project Path="../OOPEnums/OOPEnums/OOPEnums.csproj" />
  <Project Path="../OOPEvent/OOPEvent/OOPEvent.csproj" />
  <Project Path="../OOPExample/OOPExample/OOPExample.csproj" />
  <Project Path="../OOPIneritance/OOPIneritance/OOPIneritance.csproj" />
  <Project Path="../OOPInterFace/OOPInterFace/OOPInterFace.csproj" />
  <Project Path="../OOPInterFace2/OOPInterFace2/OOPInterFace2.csproj" />
  <Project Path="../OOPNesterType/OOPNesterType/OOPNesterType.csproj" />
  <Project Path="../OOPOverloading/OOPOverloading/OOPOverloading.csproj" />
  <Project Path="../OOPStruct/OOPStruct/OOPStruct.csproj" />
  <Project Path="../ReflectionAndMetaData/ReflectionAndMetaData/ReflectionAndMetaData.csproj" />
  <Project Path="../ReflectionAndMetadata2/ReflectionAndMetadata2/ReflectionAndMetadata2.csproj" />
  <Project Path="../XMLDocumentation/XMLDocumentation/XMLDocumentation.csproj" />
</Solution>
